{
    "_readme": [
        "This file locks the dependencies of your project to a known state",
        "Read more about it at https://getcomposer.org/doc/01-basic-usage.md#composer-lock-the-lock-file",
        "This file is @generated automatically"
    ],
    "hash": "d46ef2eb30fa36f7cb6dd6c0f1cf162a",
    "content-hash": "b3d7e551e492bfad1bb0447a39875d1a",
    "packages": [],
    "packages-dev": [],
    "aliases": [],
    "minimum-stability": "stable",
    "stability-flags": [],
    "prefer-stable": false,
    "prefer-lowest": false,
    "platform": {
        "ext-mongo": "*",
        "ext-mbstring": "*"
    },
    "platform-dev": []
}
